
Microsoft Visual Studio Solution File, Format Version 12.00
# Visual Studio 15
VisualStudioVersion = 15.0.28307.489
MinimumVisualStudioVersion = 10.0.40219.1
Project("{FAE04EC0-301F-11D3-BF4B-00C04F79EFBC}") = "WebApplication6", "WebApplication6\WebApplication6.csproj", "{870D82F8-A78D-43E5-B736-F9830F98E8B7}"
EndProject
Global
	GlobalSection(SolutionConfigurationPlatforms) = preSolution
		Debug|Any CPU = Debug|Any CPU
		Release|Any CPU = Release|Any CPU
	EndGlobalSection
	GlobalSection(ProjectConfigurationPlatforms) = postSolution
		{870D82F8-A78D-43E5-B736-F9830F98E8B7}.Debug|Any CPU.ActiveCfg = Debug|Any CPU
		{870D82F8-A78D-43E5-B736-F9830F98E8B7}.Debug|Any CPU.Build.0 = Debug|Any CPU
		{870D82F8-A78D-43E5-B736-F9830F98E8B7}.Release|Any CPU.ActiveCfg = Release|Any CPU
		{870D82F8-A78D-43E5-B736-F9830F98E8B7}.Release|Any CPU.Build.0 = Release|Any CPU
	EndGlobalSection
	GlobalSection(SolutionProperties) = preSolution
		HideSolutionNode = FALSE
	EndGlobalSection
	GlobalSection(ExtensibilityGlobals) = postSolution
		SolutionGuid = {EA24B565-C0CA-48F4-B55B-1F82E8AAC776}
	EndGlobalSection
EndGlobal
